
Microsoft Visual Studio Solution File, Format Version 12.00
# Visual Studio Version 16
VisualStudioVersion = 16.0.30804.86
MinimumVisualStudioVersion = 10.0.40219.1
Project("{FAE04EC0-301F-11D3-BF4B-00C04F79EFBC}") = "MusicalChannels", "MusicalChannels\MusicalChannels.csproj", "{AA4F7C10-32D6-4007-8E1C-3C47387E1A94}"
EndProject
Global
	GlobalSection(SolutionConfigurationPlatforms) = preSolution
		Debug|Any CPU = Debug|Any CPU
		Release|Any CPU = Release|Any CPU
	EndGlobalSection
	GlobalSection(ProjectConfigurationPlatforms) = postSolution
		{AA4F7C10-32D6-4007-8E1C-3C47387E1A94}.Debug|Any CPU.ActiveCfg = Debug|Any CPU
		{AA4F7C10-32D6-4007-8E1C-3C47387E1A94}.Debug|Any CPU.Build.0 = Debug|Any CPU
		{AA4F7C10-32D6-4007-8E1C-3C47387E1A94}.Release|Any CPU.ActiveCfg = Release|Any CPU
		{AA4F7C10-32D6-4007-8E1C-3C47387E1A94}.Release|Any CPU.Build.0 = Release|Any CPU
	EndGlobalSection
	GlobalSection(SolutionProperties) = preSolution
		HideSolutionNode = FALSE
	EndGlobalSection
	GlobalSection(ExtensibilityGlobals) = postSolution
		SolutionGuid = {9FDF5911-287E-43CF-BB61-55C9C2FE6BED}
	EndGlobalSection
EndGlobal
